Microsoft Visual Studio Solution File, Format Version 12.00
# Visual Studio Version 17
VisualStudioVersion = 17.5.2.0
MinimumVisualStudioVersion = 10.0.40219.1
Project("{FAE04EC0-301F-11D3-BF4B-00C04F79EFBC}") = "FacebookProject", "FacebookProject\FacebookProject.csproj", "{0573BDD4-39ED-6BDC-5E07-1AACD7F573F9}"
EndProject
Global
	GlobalSection(SolutionConfigurationPlatforms) = preSolution
		Debug|Any CPU = Debug|Any CPU
		Release|Any CPU = Release|Any CPU
	EndGlobalSection
	GlobalSection(ProjectConfigurationPlatforms) = postSolution
		{0573BDD4-39ED-6BDC-5E07-1AACD7F573F9}.Debug|Any CPU.ActiveCfg = Debug|Any CPU
		{0573BDD4-39ED-6BDC-5E07-1AACD7F573F9}.Debug|Any CPU.Build.0 = Debug|Any CPU
		{0573BDD4-39ED-6BDC-5E07-1AACD7F573F9}.Release|Any CPU.ActiveCfg = Release|Any CPU
		{0573BDD4-39ED-6BDC-5E07-1AACD7F573F9}.Release|Any CPU.Build.0 = Release|Any CPU
	EndGlobalSection
	GlobalSection(SolutionProperties) = preSolution
		HideSolutionNode = FALSE
	EndGlobalSection
	GlobalSection(ExtensibilityGlobals) = postSolution
		SolutionGuid = {1FC9BC18-709B-4E44-A59C-4D30EEC4700D}
	EndGlobalSection
EndGlobal
